# This file is generated by running "yarn install" inside your project.
# Manual changes might be lost - proceed with caution!

__metadata:
  version: 6
  cacheKey: 8

"@slack/logger@npm:>=1.0.0 <3.0.0":
  version: 2.0.0
  resolution: "@slack/logger@npm:2.0.0"
  dependencies:
    "@types/node": ">=8.9.0"
  checksum: 283be1c5db9c2c32f0dcf001ade7c1ab1c0880e4edd13e017527cccb79683cb4ed79a8b5cdd792a5a342cdf63b03a61ca0901d22b141b11235da2b340adbc338
  languageName: node
  linkType: hard

"@slack/rtm-api@npm:^6.0.0":
  version: 6.1.0
  resolution: "@slack/rtm-api@npm:6.1.0"
  dependencies:
    "@slack/logger": ">=1.0.0 <3.0.0"
    "@slack/web-api": ^5.3.0
    "@types/node": ">=12.0.0"
    "@types/p-queue": ^2.3.2
    "@types/ws": ^7.4.7
    eventemitter3: ^3.1.0
    finity: ^0.5.4
    p-cancelable: ^1.1.0
    p-queue: ^2.4.2
    ws: ^7.5.3
  checksum: c325724b81711995cd2fe2667d70d0e59386dd8e97fe919b9455da5d1f738290f4e5ef64647d32d67b9e1d03b562148f56550a428de8491a539ed5c1e8af11f8
  languageName: node
  linkType: hard

"@slack/types@npm:^1.7.0":
  version: 1.10.0
  resolution: "@slack/types@npm:1.10.0"
  checksum: 9dcf254ad4882146de7ed2db948e7ee56614c3aca47a1df7cbbf4faebe6f2672a704239c0c259b4825be140bd8bb97d994241f35dc432b9ca722333828dac666
  languageName: node
  linkType: hard

"@slack/web-api@npm:^5.3.0":
  version: 5.15.0
  resolution: "@slack/web-api@npm:5.15.0"
  dependencies:
    "@slack/logger": ">=1.0.0 <3.0.0"
    "@slack/types": ^1.7.0
    "@types/is-stream": ^1.1.0
    "@types/node": ">=8.9.0"
    axios: ^0.21.1
    eventemitter3: ^3.1.0
    form-data: ^2.5.0
    is-stream: ^1.1.0
    p-queue: ^6.6.1
    p-retry: ^4.0.0
  checksum: c0500b88f9acd3c0581b1e7c51bc4edf013db93ec81f0fc7bed878be1a2710722ac9ccc35a4198e0d86ec64f4b733de0a622d759cfe7e1de493c46dcc41985b5
  languageName: node
  linkType: hard

"@types/is-stream@npm:^1.1.0":
  version: 1.1.0
  resolution: "@types/is-stream@npm:1.1.0"
  dependencies:
    "@types/node": "*"
  checksum: 23fcb06cd8adc0124d4c44071bd4b447c41f5e4c2eccb6166789c7fc0992b566e2e8b628a3800ff4472b686d9085adbec203925068bf72e350e085650e83adec
  languageName: node
  linkType: hard

"@types/lodash@npm:^4.14.192":
  version: 4.14.192
  resolution: "@types/lodash@npm:4.14.192"
  checksum: 31e1f0543a04158d2c429c45efd7c77882736630d0652f82eb337d6159ec0c249c5d175c0af731537b53271e665ff8d76f43221d75d03646d31cb4bd6f0056b1
  languageName: node
  linkType: hard

"@types/node@npm:*, @types/node@npm:>=12.0.0, @types/node@npm:>=8.9.0":
  version: 18.15.11
  resolution: "@types/node@npm:18.15.11"
  checksum: 977b4ad04708897ff0eb049ecf82246d210939c82461922d20f7d2dcfd81bbc661582ba3af28869210f7e8b1934529dcd46bff7d448551400f9d48b9d3bddec3
  languageName: node
  linkType: hard

"@types/p-queue@npm:^2.3.2":
  version: 2.3.2
  resolution: "@types/p-queue@npm:2.3.2"
  checksum: a0e1a47569caedf85fe070bf9bebb70f396d99c2f1d5b148a101ac019e69329dbe23a48d763bdc04dafdd40e4ee86613c3e53df336b382e68485ca85ecf950f1
  languageName: node
  linkType: hard

"@types/retry@npm:0.12.0":
  version: 0.12.0
  resolution: "@types/retry@npm:0.12.0"
  checksum: 61a072c7639f6e8126588bf1eb1ce8835f2cb9c2aba795c4491cf6310e013267b0c8488039857c261c387e9728c1b43205099223f160bb6a76b4374f741b5603
  languageName: node
  linkType: hard

"@types/ws@npm:^7.4.7":
  version: 7.4.7
  resolution: "@types/ws@npm:7.4.7"
  dependencies:
    "@types/node": "*"
  checksum: b4c9b8ad209620c9b21e78314ce4ff07515c0cadab9af101c1651e7bfb992d7fd933bd8b9c99d110738fd6db523ed15f82f29f50b45510288da72e964dedb1a3
  languageName: node
  linkType: hard

"asynckit@npm:^0.4.0":
  version: 0.4.0
  resolution: "asynckit@npm:0.4.0"
  checksum: 7b78c451df768adba04e2d02e63e2d0bf3b07adcd6e42b4cf665cb7ce899bedd344c69a1dcbce355b5f972d597b25aaa1c1742b52cffd9caccb22f348114f6be
  languageName: node
  linkType: hard

"axios@npm:^0.21.1":
  version: 0.21.4
  resolution: "axios@npm:0.21.4"
  dependencies:
    follow-redirects: ^1.14.0
  checksum: 44245f24ac971e7458f3120c92f9d66d1fc695e8b97019139de5b0cc65d9b8104647db01e5f46917728edfc0cfd88eb30fc4c55e6053eef4ace76768ce95ff3c
  languageName: node
  linkType: hard

"combined-stream@npm:^1.0.6":
  version: 1.0.8
  resolution: "combined-stream@npm:1.0.8"
  dependencies:
    delayed-stream: ~1.0.0
  checksum: 49fa4aeb4916567e33ea81d088f6584749fc90c7abec76fd516bf1c5aa5c79f3584b5ba3de6b86d26ddd64bae5329c4c7479343250cfe71c75bb366eae53bb7c
  languageName: node
  linkType: hard

"delayed-stream@npm:~1.0.0":
  version: 1.0.0
  resolution: "delayed-stream@npm:1.0.0"
  checksum: 46fe6e83e2cb1d85ba50bd52803c68be9bd953282fa7096f51fc29edd5d67ff84ff753c51966061e5ba7cb5e47ef6d36a91924eddb7f3f3483b1c560f77a0020
  languageName: node
  linkType: hard

"dotenv@npm:^16.0.3":
  version: 16.0.3
  resolution: "dotenv@npm:16.0.3"
  checksum: afcf03f373d7a6d62c7e9afea6328e62851d627a4e73f2e12d0a8deae1cd375892004f3021883f8aec85932cd2834b091f568ced92b4774625b321db83b827f8
  languageName: node
  linkType: hard

"eventemitter3@npm:^3.1.0":
  version: 3.1.2
  resolution: "eventemitter3@npm:3.1.2"
  checksum: 81e4e82b8418f5cfd986d2b4a2fa5397ac4eb8134e09bcb47005545e22fdf8e9e61d5c053d34651112245aae411bdfe6d0ad5511da0400743fef5fc38bfcfbe3
  languageName: node
  linkType: hard

"eventemitter3@npm:^4.0.4":
  version: 4.0.7
  resolution: "eventemitter3@npm:4.0.7"
  checksum: 1875311c42fcfe9c707b2712c32664a245629b42bb0a5a84439762dd0fd637fc54d078155ea83c2af9e0323c9ac13687e03cfba79b03af9f40c89b4960099374
  languageName: node
  linkType: hard

"finity@npm:^0.5.4":
  version: 0.5.4
  resolution: "finity@npm:0.5.4"
  checksum: eeea74de356ba963231108c3f8e2de44b4114497389121d603f8c3e8316b8d0772ff06b731af08ef5d6ca6b0e3a0fffab452122eca48837a98a2f7e5548b6be2
  languageName: node
  linkType: hard

"follow-redirects@npm:^1.14.0":
  version: 1.15.2
  resolution: "follow-redirects@npm:1.15.2"
  peerDependenciesMeta:
    debug:
      optional: true
  checksum: faa66059b66358ba65c234c2f2a37fcec029dc22775f35d9ad6abac56003268baf41e55f9ee645957b32c7d9f62baf1f0b906e68267276f54ec4b4c597c2b190
  languageName: node
  linkType: hard

"form-data@npm:^2.5.0":
  version: 2.5.1
  resolution: "form-data@npm:2.5.1"
  dependencies:
    asynckit: ^0.4.0
    combined-stream: ^1.0.6
    mime-types: ^2.1.12
  checksum: 5134ada56cc246b293a1ac7678dba6830000603a3979cf83ff7b2f21f2e3725202237cfb89e32bcb38a1d35727efbd3c3a22e65b42321e8ade8eec01ce755d08
  languageName: node
  linkType: hard

"is-stream@npm:^1.1.0":
  version: 1.1.0
  resolution: "is-stream@npm:1.1.0"
  checksum: 063c6bec9d5647aa6d42108d4c59723d2bd4ae42135a2d4db6eadbd49b7ea05b750fd69d279e5c7c45cf9da753ad2c00d8978be354d65aa9f6bb434969c6a2ae
  languageName: node
  linkType: hard

"lodash@npm:^4.17.21":
  version: 4.17.21
  resolution: "lodash@npm:4.17.21"
  checksum: eb835a2e51d381e561e508ce932ea50a8e5a68f4ebdd771ea240d3048244a8d13658acbd502cd4829768c56f2e16bdd4340b9ea141297d472517b83868e677f7
  languageName: node
  linkType: hard

"mime-db@npm:1.52.0":
  version: 1.52.0
  resolution: "mime-db@npm:1.52.0"
  checksum: 0d99a03585f8b39d68182803b12ac601d9c01abfa28ec56204fa330bc9f3d1c5e14beb049bafadb3dbdf646dfb94b87e24d4ec7b31b7279ef906a8ea9b6a513f
  languageName: node
  linkType: hard

"mime-types@npm:^2.1.12":
  version: 2.1.35
  resolution: "mime-types@npm:2.1.35"
  dependencies:
    mime-db: 1.52.0
  checksum: 89a5b7f1def9f3af5dad6496c5ed50191ae4331cc5389d7c521c8ad28d5fdad2d06fd81baf38fed813dc4e46bb55c8145bb0ff406330818c9cf712fb2e9b3836
  languageName: node
  linkType: hard

"p-cancelable@npm:^1.1.0":
  version: 1.1.0
  resolution: "p-cancelable@npm:1.1.0"
  checksum: 2db3814fef6d9025787f30afaee4496a8857a28be3c5706432cbad76c688a6db1874308f48e364a42f5317f5e41e8e7b4f2ff5c8ff2256dbb6264bc361704ece
  languageName: node
  linkType: hard

"p-finally@npm:^1.0.0":
  version: 1.0.0
  resolution: "p-finally@npm:1.0.0"
  checksum: 93a654c53dc805dd5b5891bab16eb0ea46db8f66c4bfd99336ae929323b1af2b70a8b0654f8f1eae924b2b73d037031366d645f1fd18b3d30cbd15950cc4b1d4
  languageName: node
  linkType: hard

"p-queue@npm:^2.4.2":
  version: 2.4.2
  resolution: "p-queue@npm:2.4.2"
  checksum: f8e345bd315f30fd5cab03f9e4605b7b5a6d942be9cc4fc9da13b7e28ece64e9f5af1dc10e93530901866ba0656b6f300f54a1c7867a51648cfededa57ab4cfe
  languageName: node
  linkType: hard

"p-queue@npm:^6.6.1":
  version: 6.6.2
  resolution: "p-queue@npm:6.6.2"
  dependencies:
    eventemitter3: ^4.0.4
    p-timeout: ^3.2.0
  checksum: 832642fcc4ab6477b43e6d7c30209ab10952969ed211c6d6f2931be8a4f9935e3578c72e8cce053dc34f2eb6941a408a2c516a54904e989851a1a209cf19761c
  languageName: node
  linkType: hard

"p-retry@npm:^4.0.0":
  version: 4.6.2
  resolution: "p-retry@npm:4.6.2"
  dependencies:
    "@types/retry": 0.12.0
    retry: ^0.13.1
  checksum: 45c270bfddaffb4a895cea16cb760dcc72bdecb6cb45fef1971fa6ea2e91ddeafddefe01e444ac73e33b1b3d5d29fb0dd18a7effb294262437221ddc03ce0f2e
  languageName: node
  linkType: hard

"p-timeout@npm:^3.2.0":
  version: 3.2.0
  resolution: "p-timeout@npm:3.2.0"
  dependencies:
    p-finally: ^1.0.0
  checksum: 3dd0eaa048780a6f23e5855df3dd45c7beacff1f820476c1d0d1bcd6648e3298752ba2c877aa1c92f6453c7dd23faaf13d9f5149fc14c0598a142e2c5e8d649c
  languageName: node
  linkType: hard

"retry@npm:^0.13.1":
  version: 0.13.1
  resolution: "retry@npm:0.13.1"
  checksum: 47c4d5be674f7c13eee4cfe927345023972197dbbdfba5d3af7e461d13b44de1bfd663bfc80d2f601f8ef3fc8164c16dd99655a221921954a65d044a2fc1233b
  languageName: node
  linkType: hard

"scrabble-bot@workspace:.":
  version: 0.0.0-use.local
  resolution: "scrabble-bot@workspace:."
  dependencies:
    "@slack/rtm-api": ^6.0.0
    "@types/lodash": ^4.14.192
    dotenv: ^16.0.3
    lodash: ^4.17.21
    typescript: ^5.0.2
  languageName: unknown
  linkType: soft

"typescript@npm:^5.0.2":
  version: 5.0.2
  resolution: "typescript@npm:5.0.2"
  bin:
    tsc: bin/tsc
    tsserver: bin/tsserver
  checksum: bef1dcd166acfc6934b2ec4d72f93edb8961a5fab36b8dd2aaf6f4f4cd5c0210f2e0850aef4724f3b4913d5aef203a94a28ded731b370880c8bcff7e4ff91fc1
  languageName: node
  linkType: hard

"typescript@patch:typescript@^5.0.2#~builtin<compat/typescript>":
  version: 5.0.2
  resolution: "typescript@patch:typescript@npm%3A5.0.2#~builtin<compat/typescript>::version=5.0.2&hash=85af82"
  bin:
    tsc: bin/tsc
    tsserver: bin/tsserver
  checksum: b63cb742fbb9aeb3085e002ad8f10d5fd963606aa4d6b3b65b4e76c396ff09739f03b5dbae08e1698c3bce9d5619d3f67aeb7ee470ed4016bd345b3cfe37b54a
  languageName: node
  linkType: hard

"ws@npm:^7.5.3":
  version: 7.5.9
  resolution: "ws@npm:7.5.9"
  peerDependencies:
    bufferutil: ^4.0.1
    utf-8-validate: ^5.0.2
  peerDependenciesMeta:
    bufferutil:
      optional: true
    utf-8-validate:
      optional: true
  checksum: c3c100a181b731f40b7f2fddf004aa023f79d64f489706a28bc23ff88e87f6a64b3c6651fbec3a84a53960b75159574d7a7385709847a62ddb7ad6af76f49138
  languageName: node
  linkType: hard
